
Microsoft Visual Studio Solution File, Format Version 12.00
# Visual Studio Version 17
VisualStudioVersion = 17.0.32112.339
MinimumVisualStudioVersion = 10.0.40219.1
Project("{9A19103F-16F7-4668-BE54-9A1E7A4F7556}") = "HugHubPricing", "HugHubPricing\HugHubPricing.csproj", "{9E4B48ED-3185-4863-920C-07EC9C1303E6}"
EndProject
Project("{2150E333-8FDC-42A3-9474-1A3956D46DE8}") = "Solution Items", "Solution Items", "{6680B0F7-8E29-46E1-B332-C38CFC99FEDA}"
EndProject
Project("{9A19103F-16F7-4668-BE54-9A1E7A4F7556}") = "HugHubPricingTests", "HugPricingUnitTests\HugHubPricingTests.csproj", "{90087FC5-4D64-4AED-8A35-616313FD60CD}"
EndProject
Global
	GlobalSection(SolutionConfigurationPlatforms) = preSolution
		Debug|Any CPU = Debug|Any CPU
		Release|Any CPU = Release|Any CPU
	EndGlobalSection
	GlobalSection(ProjectConfigurationPlatforms) = postSolution
		{9E4B48ED-3185-4863-920C-07EC9C1303E6}.Debug|Any CPU.ActiveCfg = Debug|Any CPU
		{9E4B48ED-3185-4863-920C-07EC9C1303E6}.Debug|Any CPU.Build.0 = Debug|Any CPU
		{9E4B48ED-3185-4863-920C-07EC9C1303E6}.Release|Any CPU.ActiveCfg = Release|Any CPU
		{9E4B48ED-3185-4863-920C-07EC9C1303E6}.Release|Any CPU.Build.0 = Release|Any CPU
		{90087FC5-4D64-4AED-8A35-616313FD60CD}.Debug|Any CPU.ActiveCfg = Debug|Any CPU
		{90087FC5-4D64-4AED-8A35-616313FD60CD}.Debug|Any CPU.Build.0 = Debug|Any CPU
		{90087FC5-4D64-4AED-8A35-616313FD60CD}.Release|Any CPU.ActiveCfg = Release|Any CPU
		{90087FC5-4D64-4AED-8A35-616313FD60CD}.Release|Any CPU.Build.0 = Release|Any CPU
	EndGlobalSection
	GlobalSection(SolutionProperties) = preSolution
		HideSolutionNode = FALSE
	EndGlobalSection
	GlobalSection(ExtensibilityGlobals) = postSolution
		SolutionGuid = {6A6A7CA1-9F73-4E13-A6C0-1D7D9322E316}
	EndGlobalSection
EndGlobal
